// !$*UTF8*$!
{
	archiveVersion = 1;
	classes = {
	};
	objectVersion = 56;
	objects = {

/* Begin PBXBuildFile section */
		D43EA1662BE59687003E0FD9 /* UIColor+Extensions.swift in Sources */ = {isa = PBXBuildFile; fileRef = D43EA1652BE59687003E0FD9 /* UIColor+Extensions.swift */; };
		D45C6D962BE58007001E067B /* AppDelegate.swift in Sources */ = {isa = PBXBuildFile; fileRef = D45C6D952BE58007001E067B /* AppDelegate.swift */; };
		D45C6D982BE58007001E067B /* SceneDelegate.swift in Sources */ = {isa = PBXBuildFile; fileRef = D45C6D972BE58007001E067B /* SceneDelegate.swift */; };
		D45C6D9A2BE58007001E067B /* ViewController.swift in Sources */ = {isa = PBXBuildFile; fileRef = D45C6D992BE58007001E067B /* ViewController.swift */; };
		D45C6D9D2BE58007001E067B /* Base in Resources */ = {isa = PBXBuildFile; fileRef = D45C6D9C2BE58007001E067B /* Base */; };
		D45C6DA02BE58007001E067B /* Tracker.xcdatamodeld in Sources */ = {isa = PBXBuildFile; fileRef = D45C6D9E2BE58007001E067B /* Tracker.xcdatamodeld */; };
		D45C6DA22BE58008001E067B /* Assets.xcassets in Resources */ = {isa = PBXBuildFile; fileRef = D45C6DA12BE58008001E067B /* Assets.xcassets */; };
		D45C6DA52BE58008001E067B /* Base in Resources */ = {isa = PBXBuildFile; fileRef = D45C6DA42BE58008001E067B /* Base */; };
		D4E75A1A2BE6428E00BB04FF /* SF-Pro.ttf in Resources */ = {isa = PBXBuildFile; fileRef = D4E75A192BE6428E00BB04FF /* SF-Pro.ttf */; };
/* End PBXBuildFile section */

/* Begin PBXFileReference section */
		D43EA1652BE59687003E0FD9 /* UIColor+Extensions.swift */ = {isa = PBXFileReference; lastKnownFileType = sourcecode.swift; path = "UIColor+Extensions.swift"; sourceTree = "<group>"; };
		D45C6D922BE58007001E067B /* Tracker.app */ = {isa = PBXFileReference; explicitFileType = wrapper.application; includeInIndex = 0; path = Tracker.app; sourceTree = BUILT_PRODUCTS_DIR; };
		D45C6D952BE58007001E067B /* AppDelegate.swift */ = {isa = PBXFileReference; lastKnownFileType = sourcecode.swift; path = AppDelegate.swift; sourceTree = "<group>"; };
		D45C6D972BE58007001E067B /* SceneDelegate.swift */ = {isa = PBXFileReference; lastKnownFileType = sourcecode.swift; path = SceneDelegate.swift; sourceTree = "<group>"; };
		D45C6D992BE58007001E067B /* ViewController.swift */ = {isa = PBXFileReference; lastKnownFileType = sourcecode.swift; path = ViewController.swift; sourceTree = "<group>"; };
		D45C6D9C2BE58007001E067B /* Base */ = {isa = PBXFileReference; lastKnownFileType = file.storyboard; name = Base; path = Base.lproj/Main.storyboard; sourceTree = "<group>"; };
		D45C6D9F2BE58007001E067B /* Tracker.xcdatamodel */ = {isa = PBXFileReference; lastKnownFileType = wrapper.xcdatamodel; path = Tracker.xcdatamodel; sourceTree = "<group>"; };
		D45C6DA12BE58008001E067B /* Assets.xcassets */ = {isa = PBXFileReference; lastKnownFileType = folder.assetcatalog; path = Assets.xcassets; sourceTree = "<group>"; };
		D45C6DA42BE58008001E067B /* Base */ = {isa = PBXFileReference; lastKnownFileType = file.storyboard; name = Base; path = Base.lproj/LaunchScreen.storyboard; sourceTree = "<group>"; };
		D45C6DA62BE58008001E067B /* Info.plist */ = {isa = PBXFileReference; lastKnownFileType = text.plist.xml; path = Info.plist; sourceTree = "<group>"; };
		D4E75A192BE6428E00BB04FF /* SF-Pro.ttf */ = {isa = PBXFileReference; lastKnownFileType = file; path = "SF-Pro.ttf"; sourceTree = "<group>"; };
/* End PBXFileReference section */

/* Begin PBXFrameworksBuildPhase section */
		D45C6D8F2BE58007001E067B /* Frameworks */ = {
			isa = PBXFrameworksBuildPhase;
			buildActionMask = 2147483647;
			files = (
			);
			runOnlyForDeploymentPostprocessing = 0;
		};
/* End PBXFrameworksBuildPhase section */

/* Begin PBXGroup section */
		D43EA1632BE593B9003E0FD9 /* Resources */ = {
			isa = PBXGroup;
			children = (
				D43F7AA12BE63E45003BF795 /* Fonts */,
				D45C6DA12BE58008001E067B /* Assets.xcassets */,
			);
			path = Resources;
			sourceTree = "<group>";
		};
		D43EA1642BE59644003E0FD9 /* Helpers */ = {
			isa = PBXGroup;
			children = (
				D43EA1652BE59687003E0FD9 /* UIColor+Extensions.swift */,
			);
			path = Helpers;
			sourceTree = "<group>";
		};
		D43F7AA12BE63E45003BF795 /* Fonts */ = {
			isa = PBXGroup;
			children = (
				D4E75A192BE6428E00BB04FF /* SF-Pro.ttf */,
			);
			path = Fonts;
			sourceTree = "<group>";
		};
		D45C6D892BE58007001E067B = {
			isa = PBXGroup;
			children = (
				D45C6D942BE58007001E067B /* Tracker */,
				D45C6D932BE58007001E067B /* Products */,
			);
			sourceTree = "<group>";
		};
		D45C6D932BE58007001E067B /* Products */ = {
			isa = PBXGroup;
			children = (
				D45C6D922BE58007001E067B /* Tracker.app */,
			);
			name = Products;
			sourceTree = "<group>";
		};
		D45C6D942BE58007001E067B /* Tracker */ = {
			isa = PBXGroup;
			children = (
				D43EA1642BE59644003E0FD9 /* Helpers */,
				D45C6D952BE58007001E067B /* AppDelegate.swift */,
				D45C6D972BE58007001E067B /* SceneDelegate.swift */,
				D45C6D992BE58007001E067B /* ViewController.swift */,
				D45C6D9B2BE58007001E067B /* Main.storyboard */,
				D43EA1632BE593B9003E0FD9 /* Resources */,
				D45C6DA32BE58008001E067B /* LaunchScreen.storyboard */,
				D45C6DA62BE58008001E067B /* Info.plist */,
				D45C6D9E2BE58007001E067B /* Tracker.xcdatamodeld */,
			);
			path = Tracker;
			sourceTree = "<group>";
		};
/* End PBXGroup section */

/* Begin PBXNativeTarget section */
		D45C6D912BE58007001E067B /* Tracker */ = {
			isa = PBXNativeTarget;
			buildConfigurationList = D45C6DA92BE58008001E067B /* Build configuration list for PBXNativeTarget "Tracker" */;
			buildPhases = (
				D45C6D8E2BE58007001E067B /* Sources */,
				D45C6D8F2BE58007001E067B /* Frameworks */,
				D45C6D902BE58007001E067B /* Resources */,
			);
			buildRules = (
			);
			dependencies = (
			);
			name = Tracker;
			productName = Tracker;
			productReference = D45C6D922BE58007001E067B /* Tracker.app */;
			productType = "com.apple.product-type.application";
		};
/* End PBXNativeTarget section */

/* Begin PBXProject section */
		D45C6D8A2BE58007001E067B /* Project object */ = {
			isa = PBXProject;
			attributes = {
				BuildIndependentTargetsInParallel = 1;
				LastSwiftUpdateCheck = 1530;
				LastUpgradeCheck = 1530;
				TargetAttributes = {
					D45C6D912BE58007001E067B = {
						CreatedOnToolsVersion = 15.3;
					};
				};
			};
			buildConfigurationList = D45C6D8D2BE58007001E067B /* Build configuration list for PBXProject "Tracker" */;
			compatibilityVersion = "Xcode 14.0";
			developmentRegion = en;
			hasScannedForEncodings = 0;
			knownRegions = (
				en,
				Base,
			);
			mainGroup = D45C6D892BE58007001E067B;
			productRefGroup = D45C6D932BE58007001E067B /* Products */;
			projectDirPath = "";
			projectRoot = "";
			targets = (
				D45C6D912BE58007001E067B /* Tracker */,
			);
		};
/* End PBXProject section */

/* Begin PBXResourcesBuildPhase section */
		D45C6D902BE58007001E067B /* Resources */ = {
			isa = PBXResourcesBuildPhase;
			buildActionMask = 2147483647;
			files = (
				D45C6DA22BE58008001E067B /* Assets.xcassets in Resources */,
				D4E75A1A2BE6428E00BB04FF /* SF-Pro.ttf in Resources */,
				D45C6DA52BE58008001E067B /* Base in Resources */,
				D45C6D9D2BE58007001E067B /* Base in Resources */,
			);
			runOnlyForDeploymentPostprocessing = 0;
		};
/* End PBXResourcesBuildPhase section */

/* Begin PBXSourcesBuildPhase section */
		D45C6D8E2BE58007001E067B /* Sources */ = {
			isa = PBXSourcesBuildPhase;
			buildActionMask = 2147483647;
			files = (
				D45C6DA02BE58007001E067B /* Tracker.xcdatamodeld in Sources */,
				D43EA1662BE59687003E0FD9 /* UIColor+Extensions.swift in Sources */,
				D45C6D9A2BE58007001E067B /* ViewController.swift in Sources */,
				D45C6D962BE58007001E067B /* AppDelegate.swift in Sources */,
				D45C6D982BE58007001E067B /* SceneDelegate.swift in Sources */,
			);
			runOnlyForDeploymentPostprocessing = 0;
		};
/* End PBXSourcesBuildPhase section */

/* Begin PBXVariantGroup section */
		D45C6D9B2BE58007001E067B /* Main.storyboard */ = {
			isa = PBXVariantGroup;
			children = (
				D45C6D9C2BE58007001E067B /* Base */,
			);
			name = Main.storyboard;
			sourceTree = "<group>";
		};
		D45C6DA32BE58008001E067B /* LaunchScreen.storyboard */ = {
			isa = PBXVariantGroup;
			children = (
				D45C6DA42BE58008001E067B /* Base */,
			);
			name = LaunchScreen.storyboard;
			sourceTree = "<group>";
		};
/* End PBXVariantGroup section */

/* Begin XCBuildConfiguration section */
		D45C6DA72BE58008001E067B /* Debug */ = {
			isa = XCBuildConfiguration;
			buildSettings = {
				ALWAYS_SEARCH_USER_PATHS = NO;
				ASSETCATALOG_COMPILER_GENERATE_SWIFT_ASSET_SYMBOL_EXTENSIONS = YES;
				CLANG_ANALYZER_NONNULL = YES;
				CLANG_ANALYZER_NUMBER_OBJECT_CONVERSION = YES_AGGRESSIVE;
				CLANG_CXX_LANGUAGE_STANDARD = "gnu++20";
				CLANG_ENABLE_MODULES = YES;
				CLANG_ENABLE_OBJC_ARC = YES;
				CLANG_ENABLE_OBJC_WEAK = YES;
				CLANG_WARN_BLOCK_CAPTURE_AUTORELEASING = YES;
				CLANG_WARN_BOOL_CONVERSION = YES;
				CLANG_WARN_COMMA = YES;
				CLANG_WARN_CONSTANT_CONVERSION = YES;
				CLANG_WARN_DEPRECATED_OBJC_IMPLEMENTATIONS = YES;
				CLANG_WARN_DIRECT_OBJC_ISA_USAGE = YES_ERROR;
				CLANG_WARN_DOCUMENTATION_COMMENTS = YES;
				CLANG_WARN_EMPTY_BODY = YES;
				CLANG_WARN_ENUM_CONVERSION = YES;
				CLANG_WARN_INFINITE_RECURSION = YES;
				CLANG_WARN_INT_CONVERSION = YES;
				CLANG_WARN_NON_LITERAL_NULL_CONVERSION = YES;
				CLANG_WARN_OBJC_IMPLICIT_RETAIN_SELF = YES;
				CLANG_WARN_OBJC_LITERAL_CONVERSION = YES;
				CLANG_WARN_OBJC_ROOT_CLASS = YES_ERROR;
				CLANG_WARN_QUOTED_INCLUDE_IN_FRAMEWORK_HEADER = YES;
				CLANG_WARN_RANGE_LOOP_ANALYSIS = YES;
				CLANG_WARN_STRICT_PROTOTYPES = YES;
				CLANG_WARN_SUSPICIOUS_MOVE = YES;
				CLANG_WARN_UNGUARDED_AVAILABILITY = YES_AGGRESSIVE;
				CLANG_WARN_UNREACHABLE_CODE = YES;
				CLANG_WARN__DUPLICATE_METHOD_MATCH = YES;
				COPY_PHASE_STRIP = NO;
				DEBUG_INFORMATION_FORMAT = dwarf;
				ENABLE_STRICT_OBJC_MSGSEND = YES;
				ENABLE_TESTABILITY = YES;
				ENABLE_USER_SCRIPT_SANDBOXING = YES;
				GCC_C_LANGUAGE_STANDARD = gnu17;
				GCC_DYNAMIC_NO_PIC = NO;
				GCC_NO_COMMON_BLOCKS = YES;
				GCC_OPTIMIZATION_LEVEL = 0;
				GCC_PREPROCESSOR_DEFINITIONS = (
					"DEBUG=1",
					"$(inherited)",
				);
				GCC_WARN_64_TO_32_BIT_CONVERSION = YES;
				GCC_WARN_ABOUT_RETURN_TYPE = YES_ERROR;
				GCC_WARN_UNDECLARED_SELECTOR = YES;
				GCC_WARN_UNINITIALIZED_AUTOS = YES_AGGRESSIVE;
				GCC_WARN_UNUSED_FUNCTION = YES;
				GCC_WARN_UNUSED_VARIABLE = YES;
				IPHONEOS_DEPLOYMENT_TARGET = 13.4;
				LOCALIZATION_PREFERS_STRING_CATALOGS = YES;
				MTL_ENABLE_DEBUG_INFO = INCLUDE_SOURCE;
				MTL_FAST_MATH = YES;
				ONLY_ACTIVE_ARCH = YES;
				SDKROOT = iphoneos;
				SWIFT_ACTIVE_COMPILATION_CONDITIONS = "DEBUG $(inherited)";
				SWIFT_OPTIMIZATION_LEVEL = "-Onone";
			};
			name = Debug;
		};
		D45C6DA82BE58008001E067B /* Release */ = {
			isa = XCBuildConfiguration;
			buildSettings = {
				ALWAYS_SEARCH_USER_PATHS = NO;
				ASSETCATALOG_COMPILER_GENERATE_SWIFT_ASSET_SYMBOL_EXTENSIONS = YES;
				CLANG_ANALYZER_NONNULL = YES;
				CLANG_ANALYZER_NUMBER_OBJECT_CONVERSION = YES_AGGRESSIVE;
				CLANG_CXX_LANGUAGE_STANDARD = "gnu++20";
				CLANG_ENABLE_MODULES = YES;
				CLANG_ENABLE_OBJC_ARC = YES;
				CLANG_ENABLE_OBJC_WEAK = YES;
				CLANG_WARN_BLOCK_CAPTURE_AUTORELEASING = YES;
				CLANG_WARN_BOOL_CONVERSION = YES;
				CLANG_WARN_COMMA = YES;
				CLANG_WARN_CONSTANT_CONVERSION = YES;
				CLANG_WARN_DEPRECATED_OBJC_IMPLEMENTATIONS = YES;
				CLANG_WARN_DIRECT_OBJC_ISA_USAGE = YES_ERROR;
				CLANG_WARN_DOCUMENTATION_COMMENTS = YES;
				CLANG_WARN_EMPTY_BODY = YES;
				CLANG_WARN_ENUM_CONVERSION = YES;
				CLANG_WARN_INFINITE_RECURSION = YES;
				CLANG_WARN_INT_CONVERSION = YES;
				CLANG_WARN_NON_LITERAL_NULL_CONVERSION = YES;
				CLANG_WARN_OBJC_IMPLICIT_RETAIN_SELF = YES;
				CLANG_WARN_OBJC_LITERAL_CONVERSION = YES;
				CLANG_WARN_OBJC_ROOT_CLASS = YES_ERROR;
				CLANG_WARN_QUOTED_INCLUDE_IN_FRAMEWORK_HEADER = YES;
				CLANG_WARN_RANGE_LOOP_ANALYSIS = YES;
				CLANG_WARN_STRICT_PROTOTYPES = YES;
				CLANG_WARN_SUSPICIOUS_MOVE = YES;
				CLANG_WARN_UNGUARDED_AVAILABILITY = YES_AGGRESSIVE;
				CLANG_WARN_UNREACHABLE_CODE = YES;
				CLANG_WARN__DUPLICATE_METHOD_MATCH = YES;
				COPY_PHASE_STRIP = NO;
				DEBUG_INFORMATION_FORMAT = "dwarf-with-dsym";
				ENABLE_NS_ASSERTIONS = NO;
				ENABLE_STRICT_OBJC_MSGSEND = YES;
				ENABLE_USER_SCRIPT_SANDBOXING = YES;
				GCC_C_LANGUAGE_STANDARD = gnu17;
				GCC_NO_COMMON_BLOCKS = YES;
				GCC_WARN_64_TO_32_BIT_CONVERSION = YES;
				GCC_WARN_ABOUT_RETURN_TYPE = YES_ERROR;
				GCC_WARN_UNDECLARED_SELECTOR = YES;
				GCC_WARN_UNINITIALIZED_AUTOS = YES_AGGRESSIVE;
				GCC_WARN_UNUSED_FUNCTION = YES;
				GCC_WARN_UNUSED_VARIABLE = YES;
				IPHONEOS_DEPLOYMENT_TARGET = 13.4;
				LOCALIZATION_PREFERS_STRING_CATALOGS = YES;
				MTL_ENABLE_DEBUG_INFO = NO;
				MTL_FAST_MATH = YES;
				SDKROOT = iphoneos;
				SWIFT_COMPILATION_MODE = wholemodule;
				VALIDATE_PRODUCT = YES;
			};
			name = Release;
		};
		D45C6DAA2BE58008001E067B /* Debug */ = {
			isa = XCBuildConfiguration;
			buildSettings = {
				ASSETCATALOG_COMPILER_APPICON_NAME = AppIcon;
				ASSETCATALOG_COMPILER_GLOBAL_ACCENT_COLOR_NAME = AccentColor;
				CODE_SIGN_STYLE = Automatic;
				CURRENT_PROJECT_VERSION = 1;
				DEVELOPMENT_TEAM = X4BLSQ8U23;
				GENERATE_INFOPLIST_FILE = YES;
				INFOPLIST_FILE = Tracker/Info.plist;
				INFOPLIST_KEY_UIApplicationSupportsIndirectInputEvents = YES;
				INFOPLIST_KEY_UILaunchStoryboardName = LaunchScreen;
				INFOPLIST_KEY_UIMainStoryboardFile = Main;
				INFOPLIST_KEY_UIStatusBarStyle = "";
				INFOPLIST_KEY_UISupportedInterfaceOrientations = UIInterfaceOrientationPortrait;
				IPHONEOS_DEPLOYMENT_TARGET = 13.4;
				LD_RUNPATH_SEARCH_PATHS = (
					"$(inherited)",
					"@executable_path/Frameworks",
				);
				MARKETING_VERSION = 1.0;
				PRODUCT_BUNDLE_IDENTIFIER = ru.yandex.practicum.Tracker;
				PRODUCT_NAME = "$(TARGET_NAME)";
				SWIFT_EMIT_LOC_STRINGS = YES;
				SWIFT_VERSION = 5.0;
				TARGETED_DEVICE_FAMILY = "1,2";
			};
			name = Debug;
		};
		D45C6DAB2BE58008001E067B /* Release */ = {
			isa = XCBuildConfiguration;
			buildSettings = {
				ASSETCATALOG_COMPILER_APPICON_NAME = AppIcon;
				ASSETCATALOG_COMPILER_GLOBAL_ACCENT_COLOR_NAME = AccentColor;
				CODE_SIGN_STYLE = Automatic;
				CURRENT_PROJECT_VERSION = 1;
				DEVELOPMENT_TEAM = X4BLSQ8U23;
				GENERATE_INFOPLIST_FILE = YES;
				INFOPLIST_FILE = Tracker/Info.plist;
				INFOPLIST_KEY_UIApplicationSupportsIndirectInputEvents = YES;
				INFOPLIST_KEY_UILaunchStoryboardName = LaunchScreen;
				INFOPLIST_KEY_UIMainStoryboardFile = Main;
				INFOPLIST_KEY_UIStatusBarStyle = "";
				INFOPLIST_KEY_UISupportedInterfaceOrientations = UIInterfaceOrientationPortrait;
				IPHONEOS_DEPLOYMENT_TARGET = 13.4;
				LD_RUNPATH_SEARCH_PATHS = (
					"$(inherited)",
					"@executable_path/Frameworks",
				);
				MARKETING_VERSION = 1.0;
				PRODUCT_BUNDLE_IDENTIFIER = ru.yandex.practicum.Tracker;
				PRODUCT_NAME = "$(TARGET_NAME)";
				SWIFT_EMIT_LOC_STRINGS = YES;
				SWIFT_VERSION = 5.0;
				TARGETED_DEVICE_FAMILY = "1,2";
			};
			name = Release;
		};
/* End XCBuildConfiguration section */

/* Begin XCConfigurationList section */
		D45C6D8D2BE58007001E067B /* Build configuration list for PBXProject "Tracker" */ = {
			isa = XCConfigurationList;
			buildConfigurations = (
				D45C6DA72BE58008001E067B /* Debug */,
				D45C6DA82BE58008001E067B /* Release */,
			);
			defaultConfigurationIsVisible = 0;
			defaultConfigurationName = Release;
		};
		D45C6DA92BE58008001E067B /* Build configuration list for PBXNativeTarget "Tracker" */ = {
			isa = XCConfigurationList;
			buildConfigurations = (
				D45C6DAA2BE58008001E067B /* Debug */,
				D45C6DAB2BE58008001E067B /* Release */,
			);
			defaultConfigurationIsVisible = 0;
			defaultConfigurationName = Release;
		};
/* End XCConfigurationList section */

/* Begin XCVersionGroup section */
		D45C6D9E2BE58007001E067B /* Tracker.xcdatamodeld */ = {
			isa = XCVersionGroup;
			children = (
				D45C6D9F2BE58007001E067B /* Tracker.xcdatamodel */,
			);
			currentVersion = D45C6D9F2BE58007001E067B /* Tracker.xcdatamodel */;
			path = Tracker.xcdatamodeld;
			sourceTree = "<group>";
			versionGroupType = wrapper.xcdatamodel;
		};
/* End XCVersionGroup section */
	};
	rootObject = D45C6D8A2BE58007001E067B /* Project object */;
}
