// !$*UTF8*$!
{
	archiveVersion = 1;
	classes = {
	};
	objectVersion = 56;
	objects = {

/* Begin PBXBuildFile section */
		D40BA53A2C074AD3000449C4 /* TrackerCreationVC.swift in Sources */ = {isa = PBXBuildFile; fileRef = D40BA5392C074AD3000449C4 /* TrackerCreationVC.swift */; };
		D40BA53C2C075FB5000449C4 /* TCTableCellTextInput.swift in Sources */ = {isa = PBXBuildFile; fileRef = D40BA53B2C075FB5000449C4 /* TCTableCellTextInput.swift */; };
		D40BA53E2C076BFC000449C4 /* TCTableCellSingleLabel.swift in Sources */ = {isa = PBXBuildFile; fileRef = D40BA53D2C076BFC000449C4 /* TCTableCellSingleLabel.swift */; };
		D40BA5402C077794000449C4 /* TCTableCellDoubleLabel.swift in Sources */ = {isa = PBXBuildFile; fileRef = D40BA53F2C077794000449C4 /* TCTableCellDoubleLabel.swift */; };
		D40BA5422C087813000449C4 /* TCTableCellSpacer.swift in Sources */ = {isa = PBXBuildFile; fileRef = D40BA5412C087813000449C4 /* TCTableCellSpacer.swift */; };
		D41FD3ED2BF0C3D400CD6A33 /* Fonts.swift in Sources */ = {isa = PBXBuildFile; fileRef = D41FD3EC2BF0C3D400CD6A33 /* Fonts.swift */; };
		D42480CA2BF7E106001402D7 /* ScheduleVC.swift in Sources */ = {isa = PBXBuildFile; fileRef = D42480C92BF7E106001402D7 /* ScheduleVC.swift */; };
		D42480CC2BF7EF5A001402D7 /* CategoryVC.swift in Sources */ = {isa = PBXBuildFile; fileRef = D42480CB2BF7EF5A001402D7 /* CategoryVC.swift */; };
		D438DC882BEE3C4D009CC86B /* Tracker.swift in Sources */ = {isa = PBXBuildFile; fileRef = D438DC872BEE3C4D009CC86B /* Tracker.swift */; };
		D438DC8A2BEE4119009CC86B /* TrackerRecord.swift in Sources */ = {isa = PBXBuildFile; fileRef = D438DC892BEE4119009CC86B /* TrackerRecord.swift */; };
		D438DC8C2BEE419D009CC86B /* TrackerCategory.swift in Sources */ = {isa = PBXBuildFile; fileRef = D438DC8B2BEE419D009CC86B /* TrackerCategory.swift */; };
		D43EA1662BE59687003E0FD9 /* Colors.swift in Sources */ = {isa = PBXBuildFile; fileRef = D43EA1652BE59687003E0FD9 /* Colors.swift */; };
		D45415112C2EC8C5005BF17D /* Date+Extention.swift in Sources */ = {isa = PBXBuildFile; fileRef = D45415102C2EC8C5005BF17D /* Date+Extention.swift */; };
		D45C6D962BE58007001E067B /* AppDelegate.swift in Sources */ = {isa = PBXBuildFile; fileRef = D45C6D952BE58007001E067B /* AppDelegate.swift */; };
		D45C6D982BE58007001E067B /* SceneDelegate.swift in Sources */ = {isa = PBXBuildFile; fileRef = D45C6D972BE58007001E067B /* SceneDelegate.swift */; };
		D45C6DA02BE58007001E067B /* Tracker.xcdatamodeld in Sources */ = {isa = PBXBuildFile; fileRef = D45C6D9E2BE58007001E067B /* Tracker.xcdatamodeld */; };
		D45C6DA22BE58008001E067B /* Assets.xcassets in Resources */ = {isa = PBXBuildFile; fileRef = D45C6DA12BE58008001E067B /* Assets.xcassets */; };
		D468CE6A2BEFE52B00679649 /* NewTrackerTypeChoiceVC.swift in Sources */ = {isa = PBXBuildFile; fileRef = D468CE692BEFE52B00679649 /* NewTrackerTypeChoiceVC.swift */; };
		D47937702C3C55C0001E4B31 /* OnboardingViewController.swift in Sources */ = {isa = PBXBuildFile; fileRef = D479376F2C3C55C0001E4B31 /* OnboardingViewController.swift */; };
		D48F3AF12BFBF16600386B06 /* CategoryCreationVC.swift in Sources */ = {isa = PBXBuildFile; fileRef = D48F3AF02BFBF16600386B06 /* CategoryCreationVC.swift */; };
		D49493B12C308077008315FB /* Srting?+Extention.swift in Sources */ = {isa = PBXBuildFile; fileRef = D49493B02C308077008315FB /* Srting?+Extention.swift */; };
		D49493B32C308581008315FB /* Set?+Extention.swift in Sources */ = {isa = PBXBuildFile; fileRef = D49493B22C308581008315FB /* Set?+Extention.swift */; };
		D49BE9152C05522500FC0173 /* TCTableCellCollection.swift in Sources */ = {isa = PBXBuildFile; fileRef = D49BE9142C05522500FC0173 /* TCTableCellCollection.swift */; };
		D49BE9172C06238800FC0173 /* EmojiCollectionCell.swift in Sources */ = {isa = PBXBuildFile; fileRef = D49BE9162C06238800FC0173 /* EmojiCollectionCell.swift */; };
		D49BE9192C0623A400FC0173 /* ColorCollectionCell.swift in Sources */ = {isa = PBXBuildFile; fileRef = D49BE9182C0623A400FC0173 /* ColorCollectionCell.swift */; };
		D49BE91B2C062C3500FC0173 /* CollectionCellHeader.swift in Sources */ = {isa = PBXBuildFile; fileRef = D49BE91A2C062C3500FC0173 /* CollectionCellHeader.swift */; };
		D4A782572BFEB69C004D7371 /* TrackersCVCell.swift in Sources */ = {isa = PBXBuildFile; fileRef = D4A782562BFEB69C004D7371 /* TrackersCVCell.swift */; };
		D4A782592BFEB79B004D7371 /* TrackersCVHeader.swift in Sources */ = {isa = PBXBuildFile; fileRef = D4A782582BFEB79B004D7371 /* TrackersCVHeader.swift */; };
		D4ADAC3B2C2C32AC00CE3320 /* TrackerStore.swift in Sources */ = {isa = PBXBuildFile; fileRef = D4ADAC3A2C2C32AC00CE3320 /* TrackerStore.swift */; };
		D4ADAC3D2C2D7C5E00CE3320 /* StoreService.swift in Sources */ = {isa = PBXBuildFile; fileRef = D4ADAC3C2C2D7C5E00CE3320 /* StoreService.swift */; };
		D4ADAC3F2C2D91BC00CE3320 /* CategoryStore.swift in Sources */ = {isa = PBXBuildFile; fileRef = D4ADAC3E2C2D91BC00CE3320 /* CategoryStore.swift */; };
		D4ADAC412C2D91F600CE3320 /* TrackerRecordStore.swift in Sources */ = {isa = PBXBuildFile; fileRef = D4ADAC402C2D91F600CE3320 /* TrackerRecordStore.swift */; };
		D4E75A1C2BE6664400BB04FF /* TabBarController.swift in Sources */ = {isa = PBXBuildFile; fileRef = D4E75A1B2BE6664400BB04FF /* TabBarController.swift */; };
		D4E75A1E2BE666F000BB04FF /* TrackersViewController.swift in Sources */ = {isa = PBXBuildFile; fileRef = D4E75A1D2BE666F000BB04FF /* TrackersViewController.swift */; };
		D4E75A202BE6671400BB04FF /* StatisticsViewController.swift in Sources */ = {isa = PBXBuildFile; fileRef = D4E75A1F2BE6671400BB04FF /* StatisticsViewController.swift */; };
		D4FE35C72BF3D680000C3AB8 /* Launch Screen.storyboard in Resources */ = {isa = PBXBuildFile; fileRef = D4FE35C62BF3D680000C3AB8 /* Launch Screen.storyboard */; };
/* End PBXBuildFile section */

/* Begin PBXFileReference section */
		D40BA5392C074AD3000449C4 /* TrackerCreationVC.swift */ = {isa = PBXFileReference; lastKnownFileType = sourcecode.swift; path = TrackerCreationVC.swift; sourceTree = "<group>"; };
		D40BA53B2C075FB5000449C4 /* TCTableCellTextInput.swift */ = {isa = PBXFileReference; lastKnownFileType = sourcecode.swift; path = TCTableCellTextInput.swift; sourceTree = "<group>"; };
		D40BA53D2C076BFC000449C4 /* TCTableCellSingleLabel.swift */ = {isa = PBXFileReference; lastKnownFileType = sourcecode.swift; path = TCTableCellSingleLabel.swift; sourceTree = "<group>"; };
		D40BA53F2C077794000449C4 /* TCTableCellDoubleLabel.swift */ = {isa = PBXFileReference; lastKnownFileType = sourcecode.swift; path = TCTableCellDoubleLabel.swift; sourceTree = "<group>"; };
		D40BA5412C087813000449C4 /* TCTableCellSpacer.swift */ = {isa = PBXFileReference; lastKnownFileType = sourcecode.swift; path = TCTableCellSpacer.swift; sourceTree = "<group>"; };
		D41FD3EC2BF0C3D400CD6A33 /* Fonts.swift */ = {isa = PBXFileReference; lastKnownFileType = sourcecode.swift; path = Fonts.swift; sourceTree = "<group>"; };
		D42480C92BF7E106001402D7 /* ScheduleVC.swift */ = {isa = PBXFileReference; lastKnownFileType = sourcecode.swift; path = ScheduleVC.swift; sourceTree = "<group>"; };
		D42480CB2BF7EF5A001402D7 /* CategoryVC.swift */ = {isa = PBXFileReference; lastKnownFileType = sourcecode.swift; path = CategoryVC.swift; sourceTree = "<group>"; };
		D438DC872BEE3C4D009CC86B /* Tracker.swift */ = {isa = PBXFileReference; lastKnownFileType = sourcecode.swift; path = Tracker.swift; sourceTree = "<group>"; };
		D438DC892BEE4119009CC86B /* TrackerRecord.swift */ = {isa = PBXFileReference; lastKnownFileType = sourcecode.swift; path = TrackerRecord.swift; sourceTree = "<group>"; };
		D438DC8B2BEE419D009CC86B /* TrackerCategory.swift */ = {isa = PBXFileReference; lastKnownFileType = sourcecode.swift; path = TrackerCategory.swift; sourceTree = "<group>"; };
		D43EA1652BE59687003E0FD9 /* Colors.swift */ = {isa = PBXFileReference; lastKnownFileType = sourcecode.swift; path = Colors.swift; sourceTree = "<group>"; };
		D45415102C2EC8C5005BF17D /* Date+Extention.swift */ = {isa = PBXFileReference; lastKnownFileType = sourcecode.swift; path = "Date+Extention.swift"; sourceTree = "<group>"; };
		D45C6D922BE58007001E067B /* Tracker.app */ = {isa = PBXFileReference; explicitFileType = wrapper.application; includeInIndex = 0; path = Tracker.app; sourceTree = BUILT_PRODUCTS_DIR; };
		D45C6D952BE58007001E067B /* AppDelegate.swift */ = {isa = PBXFileReference; lastKnownFileType = sourcecode.swift; path = AppDelegate.swift; sourceTree = "<group>"; };
		D45C6D972BE58007001E067B /* SceneDelegate.swift */ = {isa = PBXFileReference; lastKnownFileType = sourcecode.swift; path = SceneDelegate.swift; sourceTree = "<group>"; };
		D45C6D9F2BE58007001E067B /* Tracker.xcdatamodel */ = {isa = PBXFileReference; lastKnownFileType = wrapper.xcdatamodel; path = Tracker.xcdatamodel; sourceTree = "<group>"; };
		D45C6DA12BE58008001E067B /* Assets.xcassets */ = {isa = PBXFileReference; lastKnownFileType = folder.assetcatalog; path = Assets.xcassets; sourceTree = "<group>"; };
		D45C6DA62BE58008001E067B /* Info.plist */ = {isa = PBXFileReference; lastKnownFileType = text.plist.xml; path = Info.plist; sourceTree = "<group>"; };
		D468CE692BEFE52B00679649 /* NewTrackerTypeChoiceVC.swift */ = {isa = PBXFileReference; lastKnownFileType = sourcecode.swift; path = NewTrackerTypeChoiceVC.swift; sourceTree = "<group>"; };
		D479376F2C3C55C0001E4B31 /* OnboardingViewController.swift */ = {isa = PBXFileReference; lastKnownFileType = sourcecode.swift; path = OnboardingViewController.swift; sourceTree = "<group>"; };
		D48F3AF02BFBF16600386B06 /* CategoryCreationVC.swift */ = {isa = PBXFileReference; lastKnownFileType = sourcecode.swift; path = CategoryCreationVC.swift; sourceTree = "<group>"; };
		D49493B02C308077008315FB /* Srting?+Extention.swift */ = {isa = PBXFileReference; lastKnownFileType = sourcecode.swift; path = "Srting?+Extention.swift"; sourceTree = "<group>"; };
		D49493B22C308581008315FB /* Set?+Extention.swift */ = {isa = PBXFileReference; lastKnownFileType = sourcecode.swift; path = "Set?+Extention.swift"; sourceTree = "<group>"; };
		D49BE9142C05522500FC0173 /* TCTableCellCollection.swift */ = {isa = PBXFileReference; lastKnownFileType = sourcecode.swift; path = TCTableCellCollection.swift; sourceTree = "<group>"; };
		D49BE9162C06238800FC0173 /* EmojiCollectionCell.swift */ = {isa = PBXFileReference; lastKnownFileType = sourcecode.swift; path = EmojiCollectionCell.swift; sourceTree = "<group>"; };
		D49BE9182C0623A400FC0173 /* ColorCollectionCell.swift */ = {isa = PBXFileReference; lastKnownFileType = sourcecode.swift; path = ColorCollectionCell.swift; sourceTree = "<group>"; };
		D49BE91A2C062C3500FC0173 /* CollectionCellHeader.swift */ = {isa = PBXFileReference; lastKnownFileType = sourcecode.swift; path = CollectionCellHeader.swift; sourceTree = "<group>"; };
		D4A782562BFEB69C004D7371 /* TrackersCVCell.swift */ = {isa = PBXFileReference; lastKnownFileType = sourcecode.swift; path = TrackersCVCell.swift; sourceTree = "<group>"; };
		D4A782582BFEB79B004D7371 /* TrackersCVHeader.swift */ = {isa = PBXFileReference; lastKnownFileType = sourcecode.swift; path = TrackersCVHeader.swift; sourceTree = "<group>"; };
		D4ADAC3A2C2C32AC00CE3320 /* TrackerStore.swift */ = {isa = PBXFileReference; lastKnownFileType = sourcecode.swift; path = TrackerStore.swift; sourceTree = "<group>"; };
		D4ADAC3C2C2D7C5E00CE3320 /* StoreService.swift */ = {isa = PBXFileReference; lastKnownFileType = sourcecode.swift; path = StoreService.swift; sourceTree = "<group>"; };
		D4ADAC3E2C2D91BC00CE3320 /* CategoryStore.swift */ = {isa = PBXFileReference; lastKnownFileType = sourcecode.swift; path = CategoryStore.swift; sourceTree = "<group>"; };
		D4ADAC402C2D91F600CE3320 /* TrackerRecordStore.swift */ = {isa = PBXFileReference; lastKnownFileType = sourcecode.swift; path = TrackerRecordStore.swift; sourceTree = "<group>"; };
		D4E75A1B2BE6664400BB04FF /* TabBarController.swift */ = {isa = PBXFileReference; lastKnownFileType = sourcecode.swift; path = TabBarController.swift; sourceTree = "<group>"; };
		D4E75A1D2BE666F000BB04FF /* TrackersViewController.swift */ = {isa = PBXFileReference; lastKnownFileType = sourcecode.swift; path = TrackersViewController.swift; sourceTree = "<group>"; };
		D4E75A1F2BE6671400BB04FF /* StatisticsViewController.swift */ = {isa = PBXFileReference; lastKnownFileType = sourcecode.swift; path = StatisticsViewController.swift; sourceTree = "<group>"; };
		D4FE35C62BF3D680000C3AB8 /* Launch Screen.storyboard */ = {isa = PBXFileReference; lastKnownFileType = file.storyboard; path = "Launch Screen.storyboard"; sourceTree = "<group>"; };
/* End PBXFileReference section */

/* Begin PBXFrameworksBuildPhase section */
		D45C6D8F2BE58007001E067B /* Frameworks */ = {
			isa = PBXFrameworksBuildPhase;
			buildActionMask = 2147483647;
			files = (
			);
			runOnlyForDeploymentPostprocessing = 0;
		};
/* End PBXFrameworksBuildPhase section */

/* Begin PBXGroup section */
		D41FD3E92BF0ABBC00CD6A33 /* TrackerCreation */ = {
			isa = PBXGroup;
			children = (
				D468CE692BEFE52B00679649 /* NewTrackerTypeChoiceVC.swift */,
				D40BA5392C074AD3000449C4 /* TrackerCreationVC.swift */,
				D40BA53B2C075FB5000449C4 /* TCTableCellTextInput.swift */,
				D40BA53D2C076BFC000449C4 /* TCTableCellSingleLabel.swift */,
				D40BA5412C087813000449C4 /* TCTableCellSpacer.swift */,
				D40BA53F2C077794000449C4 /* TCTableCellDoubleLabel.swift */,
				D49BE9142C05522500FC0173 /* TCTableCellCollection.swift */,
				D42480CB2BF7EF5A001402D7 /* CategoryVC.swift */,
				D48F3AF02BFBF16600386B06 /* CategoryCreationVC.swift */,
				D42480C92BF7E106001402D7 /* ScheduleVC.swift */,
				D49BE91A2C062C3500FC0173 /* CollectionCellHeader.swift */,
				D49BE9162C06238800FC0173 /* EmojiCollectionCell.swift */,
				D49BE9182C0623A400FC0173 /* ColorCollectionCell.swift */,
			);
			path = TrackerCreation;
			sourceTree = "<group>";
		};
		D42CC6B32BF98C710073D7B1 /* TabBar */ = {
			isa = PBXGroup;
			children = (
				D4E75A1B2BE6664400BB04FF /* TabBarController.swift */,
				D4E75A1D2BE666F000BB04FF /* TrackersViewController.swift */,
				D4A782562BFEB69C004D7371 /* TrackersCVCell.swift */,
				D4A782582BFEB79B004D7371 /* TrackersCVHeader.swift */,
				D4E75A1F2BE6671400BB04FF /* StatisticsViewController.swift */,
			);
			path = TabBar;
			sourceTree = "<group>";
		};
		D438DC862BEE3C11009CC86B /* Data */ = {
			isa = PBXGroup;
			children = (
				D45C6D9E2BE58007001E067B /* Tracker.xcdatamodeld */,
				D4ADAC3C2C2D7C5E00CE3320 /* StoreService.swift */,
				D4ADAC3A2C2C32AC00CE3320 /* TrackerStore.swift */,
				D4ADAC3E2C2D91BC00CE3320 /* CategoryStore.swift */,
				D4ADAC402C2D91F600CE3320 /* TrackerRecordStore.swift */,
			);
			path = Data;
			sourceTree = "<group>";
		};
		D43EA1632BE593B9003E0FD9 /* Resources */ = {
			isa = PBXGroup;
			children = (
				D45C6DA12BE58008001E067B /* Assets.xcassets */,
			);
			path = Resources;
			sourceTree = "<group>";
		};
		D43EA1642BE59644003E0FD9 /* Helpers */ = {
			isa = PBXGroup;
			children = (
				D43EA1652BE59687003E0FD9 /* Colors.swift */,
				D41FD3EC2BF0C3D400CD6A33 /* Fonts.swift */,
				D45415102C2EC8C5005BF17D /* Date+Extention.swift */,
				D49493B02C308077008315FB /* Srting?+Extention.swift */,
				D49493B22C308581008315FB /* Set?+Extention.swift */,
			);
			path = Helpers;
			sourceTree = "<group>";
		};
		D45C6D892BE58007001E067B = {
			isa = PBXGroup;
			children = (
				D45C6D952BE58007001E067B /* AppDelegate.swift */,
				D45C6D972BE58007001E067B /* SceneDelegate.swift */,
				D4FE35C62BF3D680000C3AB8 /* Launch Screen.storyboard */,
				D43EA1632BE593B9003E0FD9 /* Resources */,
				D43EA1642BE59644003E0FD9 /* Helpers */,
				D45C6D942BE58007001E067B /* Tracker */,
				D45C6D932BE58007001E067B /* Products */,
			);
			sourceTree = "<group>";
		};
		D45C6D932BE58007001E067B /* Products */ = {
			isa = PBXGroup;
			children = (
				D45C6D922BE58007001E067B /* Tracker.app */,
			);
			name = Products;
			sourceTree = "<group>";
		};
		D45C6D942BE58007001E067B /* Tracker */ = {
			isa = PBXGroup;
			children = (
				D45C6DA62BE58008001E067B /* Info.plist */,
				D4ADAC422C2D924600CE3320 /* Models */,
				D479376E2C3C557C001E4B31 /* Onboarding */,
				D42CC6B32BF98C710073D7B1 /* TabBar */,
				D438DC862BEE3C11009CC86B /* Data */,
				D41FD3E92BF0ABBC00CD6A33 /* TrackerCreation */,
			);
			path = Tracker;
			sourceTree = "<group>";
		};
		D479376E2C3C557C001E4B31 /* Onboarding */ = {
			isa = PBXGroup;
			children = (
				D479376F2C3C55C0001E4B31 /* OnboardingViewController.swift */,
			);
			path = Onboarding;
			sourceTree = "<group>";
		};
		D4ADAC422C2D924600CE3320 /* Models */ = {
			isa = PBXGroup;
			children = (
				D438DC872BEE3C4D009CC86B /* Tracker.swift */,
				D438DC892BEE4119009CC86B /* TrackerRecord.swift */,
				D438DC8B2BEE419D009CC86B /* TrackerCategory.swift */,
			);
			path = Models;
			sourceTree = "<group>";
		};
/* End PBXGroup section */

/* Begin PBXNativeTarget section */
		D45C6D912BE58007001E067B /* Tracker */ = {
			isa = PBXNativeTarget;
			buildConfigurationList = D45C6DA92BE58008001E067B /* Build configuration list for PBXNativeTarget "Tracker" */;
			buildPhases = (
				D45C6D8E2BE58007001E067B /* Sources */,
				D45C6D8F2BE58007001E067B /* Frameworks */,
				D45C6D902BE58007001E067B /* Resources */,
			);
			buildRules = (
			);
			dependencies = (
			);
			name = Tracker;
			productName = Tracker;
			productReference = D45C6D922BE58007001E067B /* Tracker.app */;
			productType = "com.apple.product-type.application";
		};
/* End PBXNativeTarget section */

/* Begin PBXProject section */
		D45C6D8A2BE58007001E067B /* Project object */ = {
			isa = PBXProject;
			attributes = {
				BuildIndependentTargetsInParallel = 1;
				LastSwiftUpdateCheck = 1530;
				LastUpgradeCheck = 1530;
				TargetAttributes = {
					D45C6D912BE58007001E067B = {
						CreatedOnToolsVersion = 15.3;
					};
				};
			};
			buildConfigurationList = D45C6D8D2BE58007001E067B /* Build configuration list for PBXProject "Tracker" */;
			compatibilityVersion = "Xcode 14.0";
			developmentRegion = en;
			hasScannedForEncodings = 0;
			knownRegions = (
				en,
				Base,
			);
			mainGroup = D45C6D892BE58007001E067B;
			productRefGroup = D45C6D932BE58007001E067B /* Products */;
			projectDirPath = "";
			projectRoot = "";
			targets = (
				D45C6D912BE58007001E067B /* Tracker */,
			);
		};
/* End PBXProject section */

/* Begin PBXResourcesBuildPhase section */
		D45C6D902BE58007001E067B /* Resources */ = {
			isa = PBXResourcesBuildPhase;
			buildActionMask = 2147483647;
			files = (
				D4FE35C72BF3D680000C3AB8 /* Launch Screen.storyboard in Resources */,
				D45C6DA22BE58008001E067B /* Assets.xcassets in Resources */,
			);
			runOnlyForDeploymentPostprocessing = 0;
		};
/* End PBXResourcesBuildPhase section */

/* Begin PBXSourcesBuildPhase section */
		D45C6D8E2BE58007001E067B /* Sources */ = {
			isa = PBXSourcesBuildPhase;
			buildActionMask = 2147483647;
			files = (
				D42480CA2BF7E106001402D7 /* ScheduleVC.swift in Sources */,
				D42480CC2BF7EF5A001402D7 /* CategoryVC.swift in Sources */,
				D45C6DA02BE58007001E067B /* Tracker.xcdatamodeld in Sources */,
				D47937702C3C55C0001E4B31 /* OnboardingViewController.swift in Sources */,
				D4ADAC3B2C2C32AC00CE3320 /* TrackerStore.swift in Sources */,
				D438DC882BEE3C4D009CC86B /* Tracker.swift in Sources */,
				D40BA53C2C075FB5000449C4 /* TCTableCellTextInput.swift in Sources */,
				D438DC8A2BEE4119009CC86B /* TrackerRecord.swift in Sources */,
				D49BE9192C0623A400FC0173 /* ColorCollectionCell.swift in Sources */,
				D4A782592BFEB79B004D7371 /* TrackersCVHeader.swift in Sources */,
				D4E75A1E2BE666F000BB04FF /* TrackersViewController.swift in Sources */,
				D43EA1662BE59687003E0FD9 /* Colors.swift in Sources */,
				D49BE91B2C062C3500FC0173 /* CollectionCellHeader.swift in Sources */,
				D49BE9152C05522500FC0173 /* TCTableCellCollection.swift in Sources */,
				D40BA5402C077794000449C4 /* TCTableCellDoubleLabel.swift in Sources */,
				D438DC8C2BEE419D009CC86B /* TrackerCategory.swift in Sources */,
				D48F3AF12BFBF16600386B06 /* CategoryCreationVC.swift in Sources */,
				D4A782572BFEB69C004D7371 /* TrackersCVCell.swift in Sources */,
				D40BA53A2C074AD3000449C4 /* TrackerCreationVC.swift in Sources */,
				D49493B12C308077008315FB /* Srting?+Extention.swift in Sources */,
				D4ADAC3F2C2D91BC00CE3320 /* CategoryStore.swift in Sources */,
				D4E75A1C2BE6664400BB04FF /* TabBarController.swift in Sources */,
				D4ADAC412C2D91F600CE3320 /* TrackerRecordStore.swift in Sources */,
				D49493B32C308581008315FB /* Set?+Extention.swift in Sources */,
				D45415112C2EC8C5005BF17D /* Date+Extention.swift in Sources */,
				D40BA5422C087813000449C4 /* TCTableCellSpacer.swift in Sources */,
				D45C6D962BE58007001E067B /* AppDelegate.swift in Sources */,
				D45C6D982BE58007001E067B /* SceneDelegate.swift in Sources */,
				D49BE9172C06238800FC0173 /* EmojiCollectionCell.swift in Sources */,
				D41FD3ED2BF0C3D400CD6A33 /* Fonts.swift in Sources */,
				D40BA53E2C076BFC000449C4 /* TCTableCellSingleLabel.swift in Sources */,
				D468CE6A2BEFE52B00679649 /* NewTrackerTypeChoiceVC.swift in Sources */,
				D4E75A202BE6671400BB04FF /* StatisticsViewController.swift in Sources */,
				D4ADAC3D2C2D7C5E00CE3320 /* StoreService.swift in Sources */,
			);
			runOnlyForDeploymentPostprocessing = 0;
		};
/* End PBXSourcesBuildPhase section */

/* Begin XCBuildConfiguration section */
		D45C6DA72BE58008001E067B /* Debug */ = {
			isa = XCBuildConfiguration;
			buildSettings = {
				ALWAYS_SEARCH_USER_PATHS = NO;
				ASSETCATALOG_COMPILER_GENERATE_SWIFT_ASSET_SYMBOL_EXTENSIONS = YES;
				CLANG_ANALYZER_NONNULL = YES;
				CLANG_ANALYZER_NUMBER_OBJECT_CONVERSION = YES_AGGRESSIVE;
				CLANG_CXX_LANGUAGE_STANDARD = "gnu++20";
				CLANG_ENABLE_MODULES = YES;
				CLANG_ENABLE_OBJC_ARC = YES;
				CLANG_ENABLE_OBJC_WEAK = YES;
				CLANG_WARN_BLOCK_CAPTURE_AUTORELEASING = YES;
				CLANG_WARN_BOOL_CONVERSION = YES;
				CLANG_WARN_COMMA = YES;
				CLANG_WARN_CONSTANT_CONVERSION = YES;
				CLANG_WARN_DEPRECATED_OBJC_IMPLEMENTATIONS = YES;
				CLANG_WARN_DIRECT_OBJC_ISA_USAGE = YES_ERROR;
				CLANG_WARN_DOCUMENTATION_COMMENTS = YES;
				CLANG_WARN_EMPTY_BODY = YES;
				CLANG_WARN_ENUM_CONVERSION = YES;
				CLANG_WARN_INFINITE_RECURSION = YES;
				CLANG_WARN_INT_CONVERSION = YES;
				CLANG_WARN_NON_LITERAL_NULL_CONVERSION = YES;
				CLANG_WARN_OBJC_IMPLICIT_RETAIN_SELF = YES;
				CLANG_WARN_OBJC_LITERAL_CONVERSION = YES;
				CLANG_WARN_OBJC_ROOT_CLASS = YES_ERROR;
				CLANG_WARN_QUOTED_INCLUDE_IN_FRAMEWORK_HEADER = YES;
				CLANG_WARN_RANGE_LOOP_ANALYSIS = YES;
				CLANG_WARN_STRICT_PROTOTYPES = YES;
				CLANG_WARN_SUSPICIOUS_MOVE = YES;
				CLANG_WARN_UNGUARDED_AVAILABILITY = YES_AGGRESSIVE;
				CLANG_WARN_UNREACHABLE_CODE = YES;
				CLANG_WARN__DUPLICATE_METHOD_MATCH = YES;
				COPY_PHASE_STRIP = NO;
				DEBUG_INFORMATION_FORMAT = dwarf;
				ENABLE_STRICT_OBJC_MSGSEND = YES;
				ENABLE_TESTABILITY = YES;
				ENABLE_USER_SCRIPT_SANDBOXING = YES;
				GCC_C_LANGUAGE_STANDARD = gnu17;
				GCC_DYNAMIC_NO_PIC = NO;
				GCC_NO_COMMON_BLOCKS = YES;
				GCC_OPTIMIZATION_LEVEL = 0;
				GCC_PREPROCESSOR_DEFINITIONS = (
					"DEBUG=1",
					"$(inherited)",
				);
				GCC_WARN_64_TO_32_BIT_CONVERSION = YES;
				GCC_WARN_ABOUT_RETURN_TYPE = YES_ERROR;
				GCC_WARN_UNDECLARED_SELECTOR = YES;
				GCC_WARN_UNINITIALIZED_AUTOS = YES_AGGRESSIVE;
				GCC_WARN_UNUSED_FUNCTION = YES;
				GCC_WARN_UNUSED_VARIABLE = YES;
				IPHONEOS_DEPLOYMENT_TARGET = 13.4;
				LOCALIZATION_PREFERS_STRING_CATALOGS = YES;
				MTL_ENABLE_DEBUG_INFO = INCLUDE_SOURCE;
				MTL_FAST_MATH = YES;
				ONLY_ACTIVE_ARCH = YES;
				SDKROOT = iphoneos;
				SWIFT_ACTIVE_COMPILATION_CONDITIONS = "DEBUG $(inherited)";
				SWIFT_OPTIMIZATION_LEVEL = "-Onone";
			};
			name = Debug;
		};
		D45C6DA82BE58008001E067B /* Release */ = {
			isa = XCBuildConfiguration;
			buildSettings = {
				ALWAYS_SEARCH_USER_PATHS = NO;
				ASSETCATALOG_COMPILER_GENERATE_SWIFT_ASSET_SYMBOL_EXTENSIONS = YES;
				CLANG_ANALYZER_NONNULL = YES;
				CLANG_ANALYZER_NUMBER_OBJECT_CONVERSION = YES_AGGRESSIVE;
				CLANG_CXX_LANGUAGE_STANDARD = "gnu++20";
				CLANG_ENABLE_MODULES = YES;
				CLANG_ENABLE_OBJC_ARC = YES;
				CLANG_ENABLE_OBJC_WEAK = YES;
				CLANG_WARN_BLOCK_CAPTURE_AUTORELEASING = YES;
				CLANG_WARN_BOOL_CONVERSION = YES;
				CLANG_WARN_COMMA = YES;
				CLANG_WARN_CONSTANT_CONVERSION = YES;
				CLANG_WARN_DEPRECATED_OBJC_IMPLEMENTATIONS = YES;
				CLANG_WARN_DIRECT_OBJC_ISA_USAGE = YES_ERROR;
				CLANG_WARN_DOCUMENTATION_COMMENTS = YES;
				CLANG_WARN_EMPTY_BODY = YES;
				CLANG_WARN_ENUM_CONVERSION = YES;
				CLANG_WARN_INFINITE_RECURSION = YES;
				CLANG_WARN_INT_CONVERSION = YES;
				CLANG_WARN_NON_LITERAL_NULL_CONVERSION = YES;
				CLANG_WARN_OBJC_IMPLICIT_RETAIN_SELF = YES;
				CLANG_WARN_OBJC_LITERAL_CONVERSION = YES;
				CLANG_WARN_OBJC_ROOT_CLASS = YES_ERROR;
				CLANG_WARN_QUOTED_INCLUDE_IN_FRAMEWORK_HEADER = YES;
				CLANG_WARN_RANGE_LOOP_ANALYSIS = YES;
				CLANG_WARN_STRICT_PROTOTYPES = YES;
				CLANG_WARN_SUSPICIOUS_MOVE = YES;
				CLANG_WARN_UNGUARDED_AVAILABILITY = YES_AGGRESSIVE;
				CLANG_WARN_UNREACHABLE_CODE = YES;
				CLANG_WARN__DUPLICATE_METHOD_MATCH = YES;
				COPY_PHASE_STRIP = NO;
				DEBUG_INFORMATION_FORMAT = "dwarf-with-dsym";
				ENABLE_NS_ASSERTIONS = NO;
				ENABLE_STRICT_OBJC_MSGSEND = YES;
				ENABLE_USER_SCRIPT_SANDBOXING = YES;
				GCC_C_LANGUAGE_STANDARD = gnu17;
				GCC_NO_COMMON_BLOCKS = YES;
				GCC_WARN_64_TO_32_BIT_CONVERSION = YES;
				GCC_WARN_ABOUT_RETURN_TYPE = YES_ERROR;
				GCC_WARN_UNDECLARED_SELECTOR = YES;
				GCC_WARN_UNINITIALIZED_AUTOS = YES_AGGRESSIVE;
				GCC_WARN_UNUSED_FUNCTION = YES;
				GCC_WARN_UNUSED_VARIABLE = YES;
				IPHONEOS_DEPLOYMENT_TARGET = 13.4;
				LOCALIZATION_PREFERS_STRING_CATALOGS = YES;
				MTL_ENABLE_DEBUG_INFO = NO;
				MTL_FAST_MATH = YES;
				SDKROOT = iphoneos;
				SWIFT_COMPILATION_MODE = wholemodule;
				VALIDATE_PRODUCT = YES;
			};
			name = Release;
		};
		D45C6DAA2BE58008001E067B /* Debug */ = {
			isa = XCBuildConfiguration;
			buildSettings = {
				ASSETCATALOG_COMPILER_APPICON_NAME = AppIcon;
				ASSETCATALOG_COMPILER_GLOBAL_ACCENT_COLOR_NAME = AccentColor;
				CODE_SIGN_STYLE = Automatic;
				CURRENT_PROJECT_VERSION = 1;
				DEVELOPMENT_TEAM = X4BLSQ8U23;
				GENERATE_INFOPLIST_FILE = YES;
				INFOPLIST_FILE = Tracker/Info.plist;
				INFOPLIST_KEY_UIApplicationSupportsIndirectInputEvents = YES;
				INFOPLIST_KEY_UILaunchStoryboardName = "Launch Screen.storyboard";
				INFOPLIST_KEY_UIStatusBarStyle = "";
				INFOPLIST_KEY_UISupportedInterfaceOrientations = UIInterfaceOrientationPortrait;
				IPHONEOS_DEPLOYMENT_TARGET = 13.4;
				LD_RUNPATH_SEARCH_PATHS = (
					"$(inherited)",
					"@executable_path/Frameworks",
				);
				MARKETING_VERSION = 1.0;
				PRODUCT_BUNDLE_IDENTIFIER = ru.yandex.practicum.Tracker;
				PRODUCT_NAME = "$(TARGET_NAME)";
				SWIFT_EMIT_LOC_STRINGS = YES;
				SWIFT_VERSION = 5.0;
				TARGETED_DEVICE_FAMILY = "1,2";
			};
			name = Debug;
		};
		D45C6DAB2BE58008001E067B /* Release */ = {
			isa = XCBuildConfiguration;
			buildSettings = {
				ASSETCATALOG_COMPILER_APPICON_NAME = AppIcon;
				ASSETCATALOG_COMPILER_GLOBAL_ACCENT_COLOR_NAME = AccentColor;
				CODE_SIGN_STYLE = Automatic;
				CURRENT_PROJECT_VERSION = 1;
				DEVELOPMENT_TEAM = X4BLSQ8U23;
				GENERATE_INFOPLIST_FILE = YES;
				INFOPLIST_FILE = Tracker/Info.plist;
				INFOPLIST_KEY_UIApplicationSupportsIndirectInputEvents = YES;
				INFOPLIST_KEY_UILaunchStoryboardName = "Launch Screen.storyboard";
				INFOPLIST_KEY_UIStatusBarStyle = "";
				INFOPLIST_KEY_UISupportedInterfaceOrientations = UIInterfaceOrientationPortrait;
				IPHONEOS_DEPLOYMENT_TARGET = 13.4;
				LD_RUNPATH_SEARCH_PATHS = (
					"$(inherited)",
					"@executable_path/Frameworks",
				);
				MARKETING_VERSION = 1.0;
				PRODUCT_BUNDLE_IDENTIFIER = ru.yandex.practicum.Tracker;
				PRODUCT_NAME = "$(TARGET_NAME)";
				SWIFT_EMIT_LOC_STRINGS = YES;
				SWIFT_VERSION = 5.0;
				TARGETED_DEVICE_FAMILY = "1,2";
			};
			name = Release;
		};
/* End XCBuildConfiguration section */

/* Begin XCConfigurationList section */
		D45C6D8D2BE58007001E067B /* Build configuration list for PBXProject "Tracker" */ = {
			isa = XCConfigurationList;
			buildConfigurations = (
				D45C6DA72BE58008001E067B /* Debug */,
				D45C6DA82BE58008001E067B /* Release */,
			);
			defaultConfigurationIsVisible = 0;
			defaultConfigurationName = Release;
		};
		D45C6DA92BE58008001E067B /* Build configuration list for PBXNativeTarget "Tracker" */ = {
			isa = XCConfigurationList;
			buildConfigurations = (
				D45C6DAA2BE58008001E067B /* Debug */,
				D45C6DAB2BE58008001E067B /* Release */,
			);
			defaultConfigurationIsVisible = 0;
			defaultConfigurationName = Release;
		};
/* End XCConfigurationList section */

/* Begin XCVersionGroup section */
		D45C6D9E2BE58007001E067B /* Tracker.xcdatamodeld */ = {
			isa = XCVersionGroup;
			children = (
				D45C6D9F2BE58007001E067B /* Tracker.xcdatamodel */,
			);
			currentVersion = D45C6D9F2BE58007001E067B /* Tracker.xcdatamodel */;
			path = Tracker.xcdatamodeld;
			sourceTree = "<group>";
			versionGroupType = wrapper.xcdatamodel;
		};
/* End XCVersionGroup section */
	};
	rootObject = D45C6D8A2BE58007001E067B /* Project object */;
}
